
Microsoft Visual Studio Solution File, Format Version 12.00
# Visual Studio Version 16
VisualStudioVersion = 16.0.33027.164
MinimumVisualStudioVersion = 10.0.40219.1
Project("{9A19103F-16F7-4668-BE54-9A1E7A4F7556}") = "Employees", "Wages\Employees.csproj", "{6BF069DF-98DA-4CEF-8932-337D00752E88}"
EndProject
Project("{FAE04EC0-301F-11D3-BF4B-00C04F79EFBC}") = "MiniShop", "MiniShop\MiniShop.csproj", "{801B8D79-E78E-4813-BC93-3A4EC75DC1EA}"
EndProject
Project("{FAE04EC0-301F-11D3-BF4B-00C04F79EFBC}") = "Accounting", "Calculator\Accounting.csproj", "{DE249995-FD02-4CB0-AA60-499CFB33E6F9}"
EndProject
Global
	GlobalSection(SolutionConfigurationPlatforms) = preSolution
		Debug|Any CPU = Debug|Any CPU
		Release|Any CPU = Release|Any CPU
	EndGlobalSection
	GlobalSection(ProjectConfigurationPlatforms) = postSolution
		{6BF069DF-98DA-4CEF-8932-337D00752E88}.Debug|Any CPU.ActiveCfg = Debug|Any CPU
		{6BF069DF-98DA-4CEF-8932-337D00752E88}.Debug|Any CPU.Build.0 = Debug|Any CPU
		{6BF069DF-98DA-4CEF-8932-337D00752E88}.Release|Any CPU.ActiveCfg = Release|Any CPU
		{6BF069DF-98DA-4CEF-8932-337D00752E88}.Release|Any CPU.Build.0 = Release|Any CPU
		{801B8D79-E78E-4813-BC93-3A4EC75DC1EA}.Debug|Any CPU.ActiveCfg = Debug|Any CPU
		{801B8D79-E78E-4813-BC93-3A4EC75DC1EA}.Debug|Any CPU.Build.0 = Debug|Any CPU
		{801B8D79-E78E-4813-BC93-3A4EC75DC1EA}.Release|Any CPU.ActiveCfg = Release|Any CPU
		{801B8D79-E78E-4813-BC93-3A4EC75DC1EA}.Release|Any CPU.Build.0 = Release|Any CPU
		{DE249995-FD02-4CB0-AA60-499CFB33E6F9}.Debug|Any CPU.ActiveCfg = Debug|Any CPU
		{DE249995-FD02-4CB0-AA60-499CFB33E6F9}.Debug|Any CPU.Build.0 = Debug|Any CPU
		{DE249995-FD02-4CB0-AA60-499CFB33E6F9}.Release|Any CPU.ActiveCfg = Release|Any CPU
		{DE249995-FD02-4CB0-AA60-499CFB33E6F9}.Release|Any CPU.Build.0 = Release|Any CPU
	EndGlobalSection
	GlobalSection(SolutionProperties) = preSolution
		HideSolutionNode = FALSE
	EndGlobalSection
	GlobalSection(ExtensibilityGlobals) = postSolution
		SolutionGuid = {61CCE442-10C8-424C-BD79-A3BDEBF6C3D0}
	EndGlobalSection
EndGlobal
